lockfileVersion: '6.0'

dependencies:
  rollup:
    specifier: ^4.9.2
    version: 4.9.2

packages:

  /@rollup/rollup-android-arm-eabi@4.9.2:
    resolution: {integrity: sha512-RKzxFxBHq9ysZ83fn8Iduv3A283K7zPPYuhL/z9CQuyFrjwpErJx0h4aeb/bnJ+q29GRLgJpY66ceQ/Wcsn3wA==}
    cpu: [arm]
    os: [android]
    requiresBuild: true
    dev: false
    optional: true

  /@rollup/rollup-android-arm64@4.9.2:
    resolution: {integrity: sha512-yZ+MUbnwf3SHNWQKJyWh88ii2HbuHCFQnAYTeeO1Nb8SyEiWASEi5dQUygt3ClHWtA9My9RQAYkjvrsZ0WK8Xg==}
    cpu: [arm64]
    os: [android]
    requiresBuild: true
    dev: false
    optional: true

  /@rollup/rollup-darwin-arm64@4.9.2:
    resolution: {integrity: sha512-vqJ/pAUh95FLc/G/3+xPqlSBgilPnauVf2EXOQCZzhZJCXDXt/5A8mH/OzU6iWhb3CNk5hPJrh8pqJUPldN5zw==}
    cpu: [arm64]
    os: [darwin]
    requiresBuild: true
    dev: false
    optional: true

  /@rollup/rollup-darwin-x64@4.9.2:
    resolution: {integrity: sha512-otPHsN5LlvedOprd3SdfrRNhOahhVBwJpepVKUN58L0RnC29vOAej1vMEaVU6DadnpjivVsNTM5eNt0CcwTahw==}
    cpu: [x64]
    os: [darwin]
    requiresBuild: true
    dev: false
    optional: true

  /@rollup/rollup-linux-arm-gnueabihf@4.9.2:
    resolution: {integrity: sha512-ewG5yJSp+zYKBYQLbd1CUA7b1lSfIdo9zJShNTyc2ZP1rcPrqyZcNlsHgs7v1zhgfdS+kW0p5frc0aVqhZCiYQ==}
    cpu: [arm]
    os: [linux]
    requiresBuild: true
    dev: false
    optional: true

  /@rollup/rollup-linux-arm64-gnu@4.9.2:
    resolution: {integrity: sha512-pL6QtV26W52aCWTG1IuFV3FMPL1m4wbsRG+qijIvgFO/VBsiXJjDPE/uiMdHBAO6YcpV4KvpKtd0v3WFbaxBtg==}
    cpu: [arm64]
    os: [linux]
    libc: [glibc]
    requiresBuild: true
    dev: false
    optional: true

  /@rollup/rollup-linux-arm64-musl@4.9.2:
    resolution: {integrity: sha512-On+cc5EpOaTwPSNetHXBuqylDW+765G/oqB9xGmWU3npEhCh8xu0xqHGUA+4xwZLqBbIZNcBlKSIYfkBm6ko7g==}
    cpu: [arm64]
    os: [linux]
    libc: [musl]
    requiresBuild: true
    dev: false
    optional: true

  /@rollup/rollup-linux-riscv64-gnu@4.9.2:
    resolution: {integrity: sha512-Wnx/IVMSZ31D/cO9HSsU46FjrPWHqtdF8+0eyZ1zIB5a6hXaZXghUKpRrC4D5DcRTZOjml2oBhXoqfGYyXKipw==}
    cpu: [riscv64]
    os: [linux]
    libc: [glibc]
    requiresBuild: true
    dev: false
    optional: true

  /@rollup/rollup-linux-x64-gnu@4.9.2:
    resolution: {integrity: sha512-ym5x1cj4mUAMBummxxRkI4pG5Vht1QMsJexwGP8547TZ0sox9fCLDHw9KCH9c1FO5d9GopvkaJsBIOkTKxksdw==}
    cpu: [x64]
    os: [linux]
    libc: [glibc]
    requiresBuild: true
    dev: false
    optional: true

  /@rollup/rollup-linux-x64-musl@4.9.2:
    resolution: {integrity: sha512-m0hYELHGXdYx64D6IDDg/1vOJEaiV8f1G/iO+tejvRCJNSwK4jJ15e38JQy5Q6dGkn1M/9KcyEOwqmlZ2kqaZg==}
    cpu: [x64]
    os: [linux]
    libc: [musl]
    requiresBuild: true
    dev: false
    optional: true

  /@rollup/rollup-win32-arm64-msvc@4.9.2:
    resolution: {integrity: sha512-x1CWburlbN5JjG+juenuNa4KdedBdXLjZMp56nHFSHTOsb/MI2DYiGzLtRGHNMyydPGffGId+VgjOMrcltOksA==}
    cpu: [arm64]
    os: [win32]
    requiresBuild: true
    dev: false
    optional: true

  /@rollup/rollup-win32-ia32-msvc@4.9.2:
    resolution: {integrity: sha512-VVzCB5yXR1QlfsH1Xw1zdzQ4Pxuzv+CPr5qpElpKhVxlxD3CRdfubAG9mJROl6/dmj5gVYDDWk8sC+j9BI9/kQ==}
    cpu: [ia32]
    os: [win32]
    requiresBuild: true
    dev: false
    optional: true

  /@rollup/rollup-win32-x64-msvc@4.9.2:
    resolution: {integrity: sha512-SYRedJi+mweatroB+6TTnJYLts0L0bosg531xnQWtklOI6dezEagx4Q0qDyvRdK+qgdA3YZpjjGuPFtxBmddBA==}
    cpu: [x64]
    os: [win32]
    requiresBuild: true
    dev: false
    optional: true

  /fsevents@2.3.3:
    resolution: {integrity: sha512-5xoDfX+fL7faATnagmWPpbFtwh/R77WmMMqqHGS65C3vvB0YHrgF+B1YmZ3441tMj5n63k0212XNoJwzlhffQw==}
    engines: {node: ^8.16.0 || ^10.6.0 || >=11.0.0}
    os: [darwin]
    requiresBuild: true
    dev: false
    optional: true

  /rollup@4.9.2:
    resolution: {integrity: sha512-66RB8OtFKUTozmVEh3qyNfH+b+z2RXBVloqO2KCC/pjFaGaHtxP9fVfOQKPSGXg2mElmjmxjW/fZ7iKrEpMH5Q==}
    engines: {node: '>=18.0.0', npm: '>=8.0.0'}
    hasBin: true
    optionalDependencies:
      '@rollup/rollup-android-arm-eabi': 4.9.2
      '@rollup/rollup-android-arm64': 4.9.2
      '@rollup/rollup-darwin-arm64': 4.9.2
      '@rollup/rollup-darwin-x64': 4.9.2
      '@rollup/rollup-linux-arm-gnueabihf': 4.9.2
      '@rollup/rollup-linux-arm64-gnu': 4.9.2
      '@rollup/rollup-linux-arm64-musl': 4.9.2
      '@rollup/rollup-linux-riscv64-gnu': 4.9.2
      '@rollup/rollup-linux-x64-gnu': 4.9.2
      '@rollup/rollup-linux-x64-musl': 4.9.2
      '@rollup/rollup-win32-arm64-msvc': 4.9.2
      '@rollup/rollup-win32-ia32-msvc': 4.9.2
      '@rollup/rollup-win32-x64-msvc': 4.9.2
      fsevents: 2.3.3
    dev: false
